
Microsoft Visual Studio Solution File, Format Version 12.00
# Visual Studio Version 17
VisualStudioVersion = 17.2.32516.85
MinimumVisualStudioVersion = 10.0.40219.1
Project("{9A19103F-16F7-4668-BE54-9A1E7A4F7556}") = "App.UI", "App.UI\App.UI.csproj", "{FCAB3B59-371B-444F-97E3-19AFA8882F7D}"
	ProjectSection(ProjectDependencies) = postProject
		{7F77B625-ADFD-409F-9895-E8B66E95806B} = {7F77B625-ADFD-409F-9895-E8B66E95806B}
		{7C51DC28-5369-49B7-A836-8F36B37CDFC6} = {7C51DC28-5369-49B7-A836-8F36B37CDFC6}
		{F7D00DC5-54E6-4C8F-9C92-4D367A566E6B} = {F7D00DC5-54E6-4C8F-9C92-4D367A566E6B}
		{F60335C7-26D3-4AEE-82E4-431F0EED391D} = {F60335C7-26D3-4AEE-82E4-431F0EED391D}
	EndProjectSection
EndProject
Project("{9A19103F-16F7-4668-BE54-9A1E7A4F7556}") = "App.Admin", "App.Admin\App.Admin.csproj", "{F7D00DC5-54E6-4C8F-9C92-4D367A566E6B}"
EndProject
Project("{9A19103F-16F7-4668-BE54-9A1E7A4F7556}") = "App.Core", "App.Core\App.Core.csproj", "{F60335C7-26D3-4AEE-82E4-431F0EED391D}"
EndProject
Project("{9A19103F-16F7-4668-BE54-9A1E7A4F7556}") = "App.Customer", "App.Customer\App.Customer.csproj", "{7F77B625-ADFD-409F-9895-E8B66E95806B}"
EndProject
Project("{9A19103F-16F7-4668-BE54-9A1E7A4F7556}") = "App.Librarian", "App.Librarian\App.Librarian.csproj", "{7C51DC28-5369-49B7-A836-8F36B37CDFC6}"
EndProject
Project("{9A19103F-16F7-4668-BE54-9A1E7A4F7556}") = "SharedTenant", "Shared-Tenant\SharedTenant.csproj", "{F581C49A-C8E1-445D-A977-72A1F618AB60}"
EndProject
Global
	GlobalSection(SolutionConfigurationPlatforms) = preSolution
		Debug|Any CPU = Debug|Any CPU
		Release|Any CPU = Release|Any CPU
	EndGlobalSection
	GlobalSection(ProjectConfigurationPlatforms) = postSolution
		{FCAB3B59-371B-444F-97E3-19AFA8882F7D}.Debug|Any CPU.ActiveCfg = Debug|Any CPU
		{FCAB3B59-371B-444F-97E3-19AFA8882F7D}.Debug|Any CPU.Build.0 = Debug|Any CPU
		{FCAB3B59-371B-444F-97E3-19AFA8882F7D}.Release|Any CPU.ActiveCfg = Release|Any CPU
		{FCAB3B59-371B-444F-97E3-19AFA8882F7D}.Release|Any CPU.Build.0 = Release|Any CPU
		{F7D00DC5-54E6-4C8F-9C92-4D367A566E6B}.Debug|Any CPU.ActiveCfg = Debug|Any CPU
		{F7D00DC5-54E6-4C8F-9C92-4D367A566E6B}.Debug|Any CPU.Build.0 = Debug|Any CPU
		{F7D00DC5-54E6-4C8F-9C92-4D367A566E6B}.Release|Any CPU.ActiveCfg = Release|Any CPU
		{F7D00DC5-54E6-4C8F-9C92-4D367A566E6B}.Release|Any CPU.Build.0 = Release|Any CPU
		{F60335C7-26D3-4AEE-82E4-431F0EED391D}.Debug|Any CPU.ActiveCfg = Debug|Any CPU
		{F60335C7-26D3-4AEE-82E4-431F0EED391D}.Debug|Any CPU.Build.0 = Debug|Any CPU
		{F60335C7-26D3-4AEE-82E4-431F0EED391D}.Release|Any CPU.ActiveCfg = Release|Any CPU
		{F60335C7-26D3-4AEE-82E4-431F0EED391D}.Release|Any CPU.Build.0 = Release|Any CPU
		{7F77B625-ADFD-409F-9895-E8B66E95806B}.Debug|Any CPU.ActiveCfg = Debug|Any CPU
		{7F77B625-ADFD-409F-9895-E8B66E95806B}.Debug|Any CPU.Build.0 = Debug|Any CPU
		{7F77B625-ADFD-409F-9895-E8B66E95806B}.Release|Any CPU.ActiveCfg = Release|Any CPU
		{7F77B625-ADFD-409F-9895-E8B66E95806B}.Release|Any CPU.Build.0 = Release|Any CPU
		{7C51DC28-5369-49B7-A836-8F36B37CDFC6}.Debug|Any CPU.ActiveCfg = Debug|Any CPU
		{7C51DC28-5369-49B7-A836-8F36B37CDFC6}.Debug|Any CPU.Build.0 = Debug|Any CPU
		{7C51DC28-5369-49B7-A836-8F36B37CDFC6}.Release|Any CPU.ActiveCfg = Release|Any CPU
		{7C51DC28-5369-49B7-A836-8F36B37CDFC6}.Release|Any CPU.Build.0 = Release|Any CPU
		{F581C49A-C8E1-445D-A977-72A1F618AB60}.Debug|Any CPU.ActiveCfg = Debug|Any CPU
		{F581C49A-C8E1-445D-A977-72A1F618AB60}.Debug|Any CPU.Build.0 = Debug|Any CPU
		{F581C49A-C8E1-445D-A977-72A1F618AB60}.Release|Any CPU.ActiveCfg = Release|Any CPU
		{F581C49A-C8E1-445D-A977-72A1F618AB60}.Release|Any CPU.Build.0 = Release|Any CPU
	EndGlobalSection
	GlobalSection(SolutionProperties) = preSolution
		HideSolutionNode = FALSE
	EndGlobalSection
	GlobalSection(ExtensibilityGlobals) = postSolution
		SolutionGuid = {7F72232E-A911-434A-BD1B-4E67F3703733}
	EndGlobalSection
EndGlobal
